
Microsoft Visual Studio Solution File, Format Version 12.00
# Visual Studio Version 17
VisualStudioVersion = 17.14.35821.62
MinimumVisualStudioVersion = 10.0.40219.1
Project("{FAE04EC0-301F-11D3-BF4B-00C04F79EFBC}") = "IntelliHub", "IntelliHub\IntelliHub.csproj", "{9226FF4D-5135-4044-8107-8D139BC0372A}"
EndProject
Project("{FAE04EC0-301F-11D3-BF4B-00C04F79EFBC}") = "IntelliHubDesktop", "IntelliHubDesktop\IntelliHubDesktop.csproj", "{D4E58BCA-5775-4A66-9E17-A97484A89012}"
EndProject
Project("{FAE04EC0-301F-11D3-BF4B-00C04F79EFBC}") = "IntelliHubServer", "IntelliHubServer\IntelliHubServer.csproj", "{CC281F39-3859-484D-97F5-F4F2B61DBA4A}"
EndProject
Project("{FAE04EC0-301F-11D3-BF4B-00C04F79EFBC}") = "IntelliHubMobile", "IntelliHubMobile\IntelliHubMobile.csproj", "{ADF2AA28-9F93-41BF-A5F7-FCF6DBEF121C}"
EndProject
Project("{FAE04EC0-301F-11D3-BF4B-00C04F79EFBC}") = "IntelliHubTest", "IntelliHubTest\IntelliHubTest.csproj", "{49A34F8A-BFFE-49A5-ABC1-79E315D38A3E}"
EndProject
Global
	GlobalSection(SolutionConfigurationPlatforms) = preSolution
		Debug|Any CPU = Debug|Any CPU
		Release|Any CPU = Release|Any CPU
	EndGlobalSection
	GlobalSection(ProjectConfigurationPlatforms) = postSolution
		{9226FF4D-5135-4044-8107-8D139BC0372A}.Debug|Any CPU.ActiveCfg = Debug|Any CPU
		{9226FF4D-5135-4044-8107-8D139BC0372A}.Debug|Any CPU.Build.0 = Debug|Any CPU
		{9226FF4D-5135-4044-8107-8D139BC0372A}.Release|Any CPU.ActiveCfg = Release|Any CPU
		{9226FF4D-5135-4044-8107-8D139BC0372A}.Release|Any CPU.Build.0 = Release|Any CPU
		{D4E58BCA-5775-4A66-9E17-A97484A89012}.Debug|Any CPU.ActiveCfg = Debug|Any CPU
		{D4E58BCA-5775-4A66-9E17-A97484A89012}.Debug|Any CPU.Build.0 = Debug|Any CPU
		{D4E58BCA-5775-4A66-9E17-A97484A89012}.Release|Any CPU.ActiveCfg = Release|Any CPU
		{D4E58BCA-5775-4A66-9E17-A97484A89012}.Release|Any CPU.Build.0 = Release|Any CPU
		{CC281F39-3859-484D-97F5-F4F2B61DBA4A}.Debug|Any CPU.ActiveCfg = Debug|Any CPU
		{CC281F39-3859-484D-97F5-F4F2B61DBA4A}.Debug|Any CPU.Build.0 = Debug|Any CPU
		{CC281F39-3859-484D-97F5-F4F2B61DBA4A}.Release|Any CPU.ActiveCfg = Release|Any CPU
		{CC281F39-3859-484D-97F5-F4F2B61DBA4A}.Release|Any CPU.Build.0 = Release|Any CPU
		{ADF2AA28-9F93-41BF-A5F7-FCF6DBEF121C}.Debug|Any CPU.ActiveCfg = Debug|Any CPU
		{ADF2AA28-9F93-41BF-A5F7-FCF6DBEF121C}.Debug|Any CPU.Build.0 = Debug|Any CPU
		{ADF2AA28-9F93-41BF-A5F7-FCF6DBEF121C}.Debug|Any CPU.Deploy.0 = Debug|Any CPU
		{ADF2AA28-9F93-41BF-A5F7-FCF6DBEF121C}.Release|Any CPU.ActiveCfg = Release|Any CPU
		{ADF2AA28-9F93-41BF-A5F7-FCF6DBEF121C}.Release|Any CPU.Build.0 = Release|Any CPU
		{ADF2AA28-9F93-41BF-A5F7-FCF6DBEF121C}.Release|Any CPU.Deploy.0 = Release|Any CPU
		{49A34F8A-BFFE-49A5-ABC1-79E315D38A3E}.Debug|Any CPU.ActiveCfg = Debug|Any CPU
		{49A34F8A-BFFE-49A5-ABC1-79E315D38A3E}.Debug|Any CPU.Build.0 = Debug|Any CPU
		{49A34F8A-BFFE-49A5-ABC1-79E315D38A3E}.Release|Any CPU.ActiveCfg = Release|Any CPU
		{49A34F8A-BFFE-49A5-ABC1-79E315D38A3E}.Release|Any CPU.Build.0 = Release|Any CPU
	EndGlobalSection
	GlobalSection(SolutionProperties) = preSolution
		HideSolutionNode = FALSE
	EndGlobalSection
	GlobalSection(ExtensibilityGlobals) = postSolution
		SolutionGuid = {037A3B6C-5FBA-402E-A615-2FAA8CCAE7EE}
	EndGlobalSection
EndGlobal
